
Microsoft Visual Studio Solution File, Format Version 12.00
# Visual Studio Version 16
VisualStudioVersion = 16.0.30104.148
MinimumVisualStudioVersion = 10.0.40219.1
Project("{FAE04EC0-301F-11D3-BF4B-00C04F79EFBC}") = "tic tac toe", "tic tac toe.csproj", "{A1A93056-633A-4CF4-AA2E-2567F36AA48B}"
EndProject
Global
	GlobalSection(SolutionConfigurationPlatforms) = preSolution
		Debug|Any CPU = Debug|Any CPU
		Release|Any CPU = Release|Any CPU
	EndGlobalSection
	GlobalSection(ProjectConfigurationPlatforms) = postSolution
		{A1A93056-633A-4CF4-AA2E-2567F36AA48B}.Debug|Any CPU.ActiveCfg = Debug|Any CPU
		{A1A93056-633A-4CF4-AA2E-2567F36AA48B}.Debug|Any CPU.Build.0 = Debug|Any CPU
		{A1A93056-633A-4CF4-AA2E-2567F36AA48B}.Release|Any CPU.ActiveCfg = Release|Any CPU
		{A1A93056-633A-4CF4-AA2E-2567F36AA48B}.Release|Any CPU.Build.0 = Release|Any CPU
	EndGlobalSection
	GlobalSection(SolutionProperties) = preSolution
		HideSolutionNode = FALSE
	EndGlobalSection
	GlobalSection(ExtensibilityGlobals) = postSolution
		SolutionGuid = {A487E614-7F04-4F4A-994C-6FA243673D98}
	EndGlobalSection
EndGlobal
